
Microsoft Visual Studio Solution File, Format Version 12.00
# Visual Studio Version 16
VisualStudioVersion = 16.0.30804.86
MinimumVisualStudioVersion = 10.0.40219.1
Project("{FAE04EC0-301F-11D3-BF4B-00C04F79EFBC}") = "MenuBot", "MenuBot.csproj", "{19DA7AB3-7186-45D3-9D53-BD6298A47BC3}"
EndProject
Global
	GlobalSection(SolutionConfigurationPlatforms) = preSolution
		Debug|Any CPU = Debug|Any CPU
		Release|Any CPU = Release|Any CPU
	EndGlobalSection
	GlobalSection(ProjectConfigurationPlatforms) = postSolution
		{19DA7AB3-7186-45D3-9D53-BD6298A47BC3}.Debug|Any CPU.ActiveCfg = Debug|Any CPU
		{19DA7AB3-7186-45D3-9D53-BD6298A47BC3}.Debug|Any CPU.Build.0 = Debug|Any CPU
		{19DA7AB3-7186-45D3-9D53-BD6298A47BC3}.Release|Any CPU.ActiveCfg = Release|Any CPU
		{19DA7AB3-7186-45D3-9D53-BD6298A47BC3}.Release|Any CPU.Build.0 = Release|Any CPU
	EndGlobalSection
	GlobalSection(SolutionProperties) = preSolution
		HideSolutionNode = FALSE
	EndGlobalSection
	GlobalSection(ExtensibilityGlobals) = postSolution
		SolutionGuid = {6E9D85F9-B3A0-4926-A292-6068DDDFD0DE}
	EndGlobalSection
EndGlobal
